
Microsoft Visual Studio Solution File, Format Version 12.00
# Visual Studio 15
VisualStudioVersion = 15.0.33801.198
MinimumVisualStudioVersion = 10.0.40219.1
Project("{FAE04EC0-301F-11D3-BF4B-00C04F79EFBC}") = "TimeTableGenerator", "TimeTableGenerator\TimeTableGenerator.csproj", "{45F41294-9F40-4660-B0FB-2DD7A0361CE4}"
EndProject
Global
	GlobalSection(SolutionConfigurationPlatforms) = preSolution
		Debug|Any CPU = Debug|Any CPU
		Release|Any CPU = Release|Any CPU
	EndGlobalSection
	GlobalSection(ProjectConfigurationPlatforms) = postSolution
		{45F41294-9F40-4660-B0FB-2DD7A0361CE4}.Debug|Any CPU.ActiveCfg = Debug|Any CPU
		{45F41294-9F40-4660-B0FB-2DD7A0361CE4}.Debug|Any CPU.Build.0 = Debug|Any CPU
		{45F41294-9F40-4660-B0FB-2DD7A0361CE4}.Release|Any CPU.ActiveCfg = Release|Any CPU
		{45F41294-9F40-4660-B0FB-2DD7A0361CE4}.Release|Any CPU.Build.0 = Release|Any CPU
	EndGlobalSection
	GlobalSection(SolutionProperties) = preSolution
		HideSolutionNode = FALSE
	EndGlobalSection
	GlobalSection(ExtensibilityGlobals) = postSolution
		SolutionGuid = {B82ED265-4645-4A99-95B1-49A57E37DE55}
	EndGlobalSection
EndGlobal
